
Microsoft Visual Studio Solution File, Format Version 12.00
# Visual Studio Version 17
VisualStudioVersion = 17.12.35527.113
MinimumVisualStudioVersion = 10.0.40219.1
Project("{FAE04EC0-301F-11D3-BF4B-00C04F79EFBC}") = "BePresent", "BePresent\BePresent.csproj", "{A05C755F-6E3B-4A80-BD39-D2B24BDA7F1B}"
EndProject
Project("{FAE04EC0-301F-11D3-BF4B-00C04F79EFBC}") = "BePresent.Domain", "BePresent.Domain\BePresent.Domain.csproj", "{91F32FA4-37FC-4493-99F3-1C77B6063D20}"
EndProject
Project("{FAE04EC0-301F-11D3-BF4B-00C04F79EFBC}") = "BePresent.Application", "BePresent.Application\BePresent.Application.csproj", "{A3DE99D8-AEF3-4965-BEB4-4B704D110842}"
EndProject
Project("{FAE04EC0-301F-11D3-BF4B-00C04F79EFBC}") = "BePresent.Infrastructure", "BePresent.Infrastructure\BePresent.Infrastructure.csproj", "{17D1DFA9-FBFE-40EB-8674-D1CB9036A371}"
EndProject
Global
	GlobalSection(SolutionConfigurationPlatforms) = preSolution
		Debug|Any CPU = Debug|Any CPU
		Release|Any CPU = Release|Any CPU
	EndGlobalSection
	GlobalSection(ProjectConfigurationPlatforms) = postSolution
		{A05C755F-6E3B-4A80-BD39-D2B24BDA7F1B}.Debug|Any CPU.ActiveCfg = Debug|Any CPU
		{A05C755F-6E3B-4A80-BD39-D2B24BDA7F1B}.Debug|Any CPU.Build.0 = Debug|Any CPU
		{A05C755F-6E3B-4A80-BD39-D2B24BDA7F1B}.Release|Any CPU.ActiveCfg = Release|Any CPU
		{A05C755F-6E3B-4A80-BD39-D2B24BDA7F1B}.Release|Any CPU.Build.0 = Release|Any CPU
		{91F32FA4-37FC-4493-99F3-1C77B6063D20}.Debug|Any CPU.ActiveCfg = Debug|Any CPU
		{91F32FA4-37FC-4493-99F3-1C77B6063D20}.Debug|Any CPU.Build.0 = Debug|Any CPU
		{91F32FA4-37FC-4493-99F3-1C77B6063D20}.Release|Any CPU.ActiveCfg = Release|Any CPU
		{91F32FA4-37FC-4493-99F3-1C77B6063D20}.Release|Any CPU.Build.0 = Release|Any CPU
		{A3DE99D8-AEF3-4965-BEB4-4B704D110842}.Debug|Any CPU.ActiveCfg = Debug|Any CPU
		{A3DE99D8-AEF3-4965-BEB4-4B704D110842}.Debug|Any CPU.Build.0 = Debug|Any CPU
		{A3DE99D8-AEF3-4965-BEB4-4B704D110842}.Release|Any CPU.ActiveCfg = Release|Any CPU
		{A3DE99D8-AEF3-4965-BEB4-4B704D110842}.Release|Any CPU.Build.0 = Release|Any CPU
		{17D1DFA9-FBFE-40EB-8674-D1CB9036A371}.Debug|Any CPU.ActiveCfg = Debug|Any CPU
		{17D1DFA9-FBFE-40EB-8674-D1CB9036A371}.Debug|Any CPU.Build.0 = Debug|Any CPU
		{17D1DFA9-FBFE-40EB-8674-D1CB9036A371}.Release|Any CPU.ActiveCfg = Release|Any CPU
		{17D1DFA9-FBFE-40EB-8674-D1CB9036A371}.Release|Any CPU.Build.0 = Release|Any CPU
	EndGlobalSection
	GlobalSection(SolutionProperties) = preSolution
		HideSolutionNode = FALSE
	EndGlobalSection
EndGlobal
